
Microsoft Visual Studio Solution File, Format Version 12.00
# Visual Studio Version 17
VisualStudioVersion = 17.14.37111.16 d17.14
MinimumVisualStudioVersion = 10.0.40219.1
Project("{FAE04EC0-301F-11D3-BF4B-00C04F79EFBC}") = "UrielGUI", "UrielGUI\UrielGUI.csproj", "{A81B3D86-EC8E-4C22-872B-8A613FDD53A5}"
EndProject
Global
	GlobalSection(SolutionConfigurationPlatforms) = preSolution
		Debug|Any CPU = Debug|Any CPU
		Release|Any CPU = Release|Any CPU
	EndGlobalSection
	GlobalSection(ProjectConfigurationPlatforms) = postSolution
		{A81B3D86-EC8E-4C22-872B-8A613FDD53A5}.Debug|Any CPU.ActiveCfg = Debug|Any CPU
		{A81B3D86-EC8E-4C22-872B-8A613FDD53A5}.Debug|Any CPU.Build.0 = Debug|Any CPU
		{A81B3D86-EC8E-4C22-872B-8A613FDD53A5}.Release|Any CPU.ActiveCfg = Release|Any CPU
		{A81B3D86-EC8E-4C22-872B-8A613FDD53A5}.Release|Any CPU.Build.0 = Release|Any CPU
	EndGlobalSection
	GlobalSection(SolutionProperties) = preSolution
		HideSolutionNode = FALSE
	EndGlobalSection
	GlobalSection(ExtensibilityGlobals) = postSolution
		SolutionGuid = {B3EC15CA-A24A-4BB1-97AD-DA9AD9A20D8A}
	EndGlobalSection
EndGlobal
